
Microsoft Visual Studio Solution File, Format Version 12.00
# Visual Studio Version 16
VisualStudioVersion = 16.0.31424.327
MinimumVisualStudioVersion = 10.0.40219.1
Project("{FAE04EC0-301F-11D3-BF4B-00C04F79EFBC}") = "CanWeTrade", "CanWeTrade\CanWeTrade.csproj", "{DE860A72-C84C-4C0D-A61B-88A642854D38}"
EndProject
Global
	GlobalSection(SolutionConfigurationPlatforms) = preSolution
		Debug|Any CPU = Debug|Any CPU
		Release|Any CPU = Release|Any CPU
	EndGlobalSection
	GlobalSection(ProjectConfigurationPlatforms) = postSolution
		{DE860A72-C84C-4C0D-A61B-88A642854D38}.Debug|Any CPU.ActiveCfg = Debug|Any CPU
		{DE860A72-C84C-4C0D-A61B-88A642854D38}.Debug|Any CPU.Build.0 = Debug|Any CPU
		{DE860A72-C84C-4C0D-A61B-88A642854D38}.Release|Any CPU.ActiveCfg = Release|Any CPU
		{DE860A72-C84C-4C0D-A61B-88A642854D38}.Release|Any CPU.Build.0 = Release|Any CPU
	EndGlobalSection
	GlobalSection(SolutionProperties) = preSolution
		HideSolutionNode = FALSE
	EndGlobalSection
	GlobalSection(ExtensibilityGlobals) = postSolution
		SolutionGuid = {C3DF5055-595F-4F5F-9C75-65D863D184B9}
	EndGlobalSection
EndGlobal
